// !$*UTF8*$!
{
	archiveVersion = 1;
	classes = {
	};
	objectVersion = 50;
	objects = {

/* Begin PBXBuildFile section */
		1AAC58D425E0F46E001187CE /* AppDelegate.swift in Sources */ = {isa = PBXBuildFile; fileRef = 1AAC58D325E0F46E001187CE /* AppDelegate.swift */; };
		1AAC58DD25E0F470001187CE /* Assets.xcassets in Resources */ = {isa = PBXBuildFile; fileRef = 1AAC58DC25E0F470001187CE /* Assets.xcassets */; };
		1AAC58E025E0F470001187CE /* LaunchScreen.storyboard in Resources */ = {isa = PBXBuildFile; fileRef = 1AAC58DE25E0F470001187CE /* LaunchScreen.storyboard */; };
		1AAC58EB25E0F470001187CE /* TestTaskTests.swift in Sources */ = {isa = PBXBuildFile; fileRef = 1AAC58EA25E0F470001187CE /* TestTaskTests.swift */; };
		1AAC58F625E0F470001187CE /* TestTaskUITests.swift in Sources */ = {isa = PBXBuildFile; fileRef = 1AAC58F525E0F470001187CE /* TestTaskUITests.swift */; };
		1AAC590D25E1080E001187CE /* MainViewController.swift in Sources */ = {isa = PBXBuildFile; fileRef = 1AAC590B25E1080E001187CE /* MainViewController.swift */; };
		1AAC590E25E1080E001187CE /* MainViewController.xib in Resources */ = {isa = PBXBuildFile; fileRef = 1AAC590C25E1080E001187CE /* MainViewController.xib */; };
		1AAC592B25E11F48001187CE /* labelmap.txt in Resources */ = {isa = PBXBuildFile; fileRef = 1AAC592925E11F48001187CE /* labelmap.txt */; };
		1AAC592C25E11F48001187CE /* detect.tflite in Resources */ = {isa = PBXBuildFile; fileRef = 1AAC592A25E11F48001187CE /* detect.tflite */; };
		3B4D8324158B6641FC36E785 /* Pods_TestTaskTests.framework in Frameworks */ = {isa = PBXBuildFile; fileRef = 6F6F12902935F2016CED3463 /* Pods_TestTaskTests.framework */; };
		41B786E34AF641B5C97CBFE8 /* Pods_TestTask_TestTaskUITests.framework in Frameworks */ = {isa = PBXBuildFile; fileRef = 392DE87D2FB3127626AFDC42 /* Pods_TestTask_TestTaskUITests.framework */; };
		D56930549F5B81D9365F60AE /* Pods_TestTask.framework in Frameworks */ = {isa = PBXBuildFile; fileRef = 0F84BC5C12773646F4FA8B25 /* Pods_TestTask.framework */; };
/* End PBXBuildFile section */

/* Begin PBXContainerItemProxy section */
		1AAC58E725E0F470001187CE /* PBXContainerItemProxy */ = {
			isa = PBXContainerItemProxy;
			containerPortal = 1AAC58C825E0F46E001187CE /* Project object */;
			proxyType = 1;
			remoteGlobalIDString = 1AAC58CF25E0F46E001187CE;
			remoteInfo = TestTask;
		};
		1AAC58F225E0F470001187CE /* PBXContainerItemProxy */ = {
			isa = PBXContainerItemProxy;
			containerPortal = 1AAC58C825E0F46E001187CE /* Project object */;
			proxyType = 1;
			remoteGlobalIDString = 1AAC58CF25E0F46E001187CE;
			remoteInfo = TestTask;
		};
/* End PBXContainerItemProxy section */

/* Begin PBXFileReference section */
		0F84BC5C12773646F4FA8B25 /* Pods_TestTask.framework */ = {isa = PBXFileReference; explicitFileType = wrapper.framework; includeInIndex = 0; path = Pods_TestTask.framework; sourceTree = BUILT_PRODUCTS_DIR; };
		1AAC58D025E0F46E001187CE /* TestTask.app */ = {isa = PBXFileReference; explicitFileType = wrapper.application; includeInIndex = 0; path = TestTask.app; sourceTree = BUILT_PRODUCTS_DIR; };
		1AAC58D325E0F46E001187CE /* AppDelegate.swift */ = {isa = PBXFileReference; lastKnownFileType = sourcecode.swift; path = AppDelegate.swift; sourceTree = "<group>"; };
		1AAC58DC25E0F470001187CE /* Assets.xcassets */ = {isa = PBXFileReference; lastKnownFileType = folder.assetcatalog; path = Assets.xcassets; sourceTree = "<group>"; };
		1AAC58DF25E0F470001187CE /* Base */ = {isa = PBXFileReference; lastKnownFileType = file.storyboard; name = Base; path = Base.lproj/LaunchScreen.storyboard; sourceTree = "<group>"; };
		1AAC58E125E0F470001187CE /* Info.plist */ = {isa = PBXFileReference; lastKnownFileType = text.plist.xml; path = Info.plist; sourceTree = "<group>"; };
		1AAC58E625E0F470001187CE /* TestTaskTests.xctest */ = {isa = PBXFileReference; explicitFileType = wrapper.cfbundle; includeInIndex = 0; path = TestTaskTests.xctest; sourceTree = BUILT_PRODUCTS_DIR; };
		1AAC58EA25E0F470001187CE /* TestTaskTests.swift */ = {isa = PBXFileReference; lastKnownFileType = sourcecode.swift; path = TestTaskTests.swift; sourceTree = "<group>"; };
		1AAC58EC25E0F470001187CE /* Info.plist */ = {isa = PBXFileReference; lastKnownFileType = text.plist.xml; path = Info.plist; sourceTree = "<group>"; };
		1AAC58F125E0F470001187CE /* TestTaskUITests.xctest */ = {isa = PBXFileReference; explicitFileType = wrapper.cfbundle; includeInIndex = 0; path = TestTaskUITests.xctest; sourceTree = BUILT_PRODUCTS_DIR; };
		1AAC58F525E0F470001187CE /* TestTaskUITests.swift */ = {isa = PBXFileReference; lastKnownFileType = sourcecode.swift; path = TestTaskUITests.swift; sourceTree = "<group>"; };
		1AAC58F725E0F470001187CE /* Info.plist */ = {isa = PBXFileReference; lastKnownFileType = text.plist.xml; path = Info.plist; sourceTree = "<group>"; };
		1AAC590B25E1080E001187CE /* MainViewController.swift */ = {isa = PBXFileReference; lastKnownFileType = sourcecode.swift; path = MainViewController.swift; sourceTree = "<group>"; };
		1AAC590C25E1080E001187CE /* MainViewController.xib */ = {isa = PBXFileReference; lastKnownFileType = file.xib; path = MainViewController.xib; sourceTree = "<group>"; };
		1AAC592925E11F48001187CE /* labelmap.txt */ = {isa = PBXFileReference; fileEncoding = 4; lastKnownFileType = text; path = labelmap.txt; sourceTree = "<group>"; };
		1AAC592A25E11F48001187CE /* detect.tflite */ = {isa = PBXFileReference; lastKnownFileType = file; path = detect.tflite; sourceTree = "<group>"; };
		1ADACFB76502377D5AFBAAF1 /* Pods-TestTaskTests.debug.xcconfig */ = {isa = PBXFileReference; includeInIndex = 1; lastKnownFileType = text.xcconfig; name = "Pods-TestTaskTests.debug.xcconfig"; path = "Target Support Files/Pods-TestTaskTests/Pods-TestTaskTests.debug.xcconfig"; sourceTree = "<group>"; };
		392DE87D2FB3127626AFDC42 /* Pods_TestTask_TestTaskUITests.framework */ = {isa = PBXFileReference; explicitFileType = wrapper.framework; includeInIndex = 0; path = Pods_TestTask_TestTaskUITests.framework; sourceTree = BUILT_PRODUCTS_DIR; };
		5C9C2B9BA089F62641568D19 /* Pods-TestTask-TestTaskUITests.release.xcconfig */ = {isa = PBXFileReference; includeInIndex = 1; lastKnownFileType = text.xcconfig; name = "Pods-TestTask-TestTaskUITests.release.xcconfig"; path = "Target Support Files/Pods-TestTask-TestTaskUITests/Pods-TestTask-TestTaskUITests.release.xcconfig"; sourceTree = "<group>"; };
		6F6F12902935F2016CED3463 /* Pods_TestTaskTests.framework */ = {isa = PBXFileReference; explicitFileType = wrapper.framework; includeInIndex = 0; path = Pods_TestTaskTests.framework; sourceTree = BUILT_PRODUCTS_DIR; };
		7DF0EA342674B287DA9B8880 /* Pods-TestTask.release.xcconfig */ = {isa = PBXFileReference; includeInIndex = 1; lastKnownFileType = text.xcconfig; name = "Pods-TestTask.release.xcconfig"; path = "Target Support Files/Pods-TestTask/Pods-TestTask.release.xcconfig"; sourceTree = "<group>"; };
		865A72BCB720051B4C7B9E8C /* Pods-TestTask-TestTaskUITests.debug.xcconfig */ = {isa = PBXFileReference; includeInIndex = 1; lastKnownFileType = text.xcconfig; name = "Pods-TestTask-TestTaskUITests.debug.xcconfig"; path = "Target Support Files/Pods-TestTask-TestTaskUITests/Pods-TestTask-TestTaskUITests.debug.xcconfig"; sourceTree = "<group>"; };
		8F225BF8D138AE7A2304A27E /* Pods-TestTaskTests.release.xcconfig */ = {isa = PBXFileReference; includeInIndex = 1; lastKnownFileType = text.xcconfig; name = "Pods-TestTaskTests.release.xcconfig"; path = "Target Support Files/Pods-TestTaskTests/Pods-TestTaskTests.release.xcconfig"; sourceTree = "<group>"; };
		EBDE5D6940B6F8DF0DCFE150 /* Pods-TestTask.debug.xcconfig */ = {isa = PBXFileReference; includeInIndex = 1; lastKnownFileType = text.xcconfig; name = "Pods-TestTask.debug.xcconfig"; path = "Target Support Files/Pods-TestTask/Pods-TestTask.debug.xcconfig"; sourceTree = "<group>"; };
/* End PBXFileReference section */

/* Begin PBXFrameworksBuildPhase section */
		1AAC58CD25E0F46E001187CE /* Frameworks */ = {
			isa = PBXFrameworksBuildPhase;
			buildActionMask = 2147483647;
			files = (
				D56930549F5B81D9365F60AE /* Pods_TestTask.framework in Frameworks */,
			);
			runOnlyForDeploymentPostprocessing = 0;
		};
		1AAC58E325E0F470001187CE /* Frameworks */ = {
			isa = PBXFrameworksBuildPhase;
			buildActionMask = 2147483647;
			files = (
				3B4D8324158B6641FC36E785 /* Pods_TestTaskTests.framework in Frameworks */,
			);
			runOnlyForDeploymentPostprocessing = 0;
		};
		1AAC58EE25E0F470001187CE /* Frameworks */ = {
			isa = PBXFrameworksBuildPhase;
			buildActionMask = 2147483647;
			files = (
				41B786E34AF641B5C97CBFE8 /* Pods_TestTask_TestTaskUITests.framework in Frameworks */,
			);
			runOnlyForDeploymentPostprocessing = 0;
		};
/* End PBXFrameworksBuildPhase section */

/* Begin PBXGroup section */
		0975BE3170C7B30B3CE6A5C8 /* Pods */ = {
			isa = PBXGroup;
			children = (
				EBDE5D6940B6F8DF0DCFE150 /* Pods-TestTask.debug.xcconfig */,
				7DF0EA342674B287DA9B8880 /* Pods-TestTask.release.xcconfig */,
				865A72BCB720051B4C7B9E8C /* Pods-TestTask-TestTaskUITests.debug.xcconfig */,
				5C9C2B9BA089F62641568D19 /* Pods-TestTask-TestTaskUITests.release.xcconfig */,
				1ADACFB76502377D5AFBAAF1 /* Pods-TestTaskTests.debug.xcconfig */,
				8F225BF8D138AE7A2304A27E /* Pods-TestTaskTests.release.xcconfig */,
			);
			path = Pods;
			sourceTree = "<group>";
		};
		1AAC58C725E0F46E001187CE = {
			isa = PBXGroup;
			children = (
				1AAC58D225E0F46E001187CE /* TestTask */,
				1AAC58E925E0F470001187CE /* TestTaskTests */,
				1AAC58F425E0F470001187CE /* TestTaskUITests */,
				1AAC58D125E0F46E001187CE /* Products */,
				0975BE3170C7B30B3CE6A5C8 /* Pods */,
				3AA7BD0836C5384C3D4EF2DC /* Frameworks */,
			);
			sourceTree = "<group>";
		};
		1AAC58D125E0F46E001187CE /* Products */ = {
			isa = PBXGroup;
			children = (
				1AAC58D025E0F46E001187CE /* TestTask.app */,
				1AAC58E625E0F470001187CE /* TestTaskTests.xctest */,
				1AAC58F125E0F470001187CE /* TestTaskUITests.xctest */,
			);
			name = Products;
			sourceTree = "<group>";
		};
		1AAC58D225E0F46E001187CE /* TestTask */ = {
			isa = PBXGroup;
			children = (
				1AAC592825E11F38001187CE /* Model */,
				1AAC590925E107CA001187CE /* App */,
				1AAC590A25E107D4001187CE /* MainController */,
				1AAC58DC25E0F470001187CE /* Assets.xcassets */,
				1AAC58DE25E0F470001187CE /* LaunchScreen.storyboard */,
				1AAC58E125E0F470001187CE /* Info.plist */,
			);
			path = TestTask;
			sourceTree = "<group>";
		};
		1AAC58E925E0F470001187CE /* TestTaskTests */ = {
			isa = PBXGroup;
			children = (
				1AAC58EA25E0F470001187CE /* TestTaskTests.swift */,
				1AAC58EC25E0F470001187CE /* Info.plist */,
			);
			path = TestTaskTests;
			sourceTree = "<group>";
		};
		1AAC58F425E0F470001187CE /* TestTaskUITests */ = {
			isa = PBXGroup;
			children = (
				1AAC58F525E0F470001187CE /* TestTaskUITests.swift */,
				1AAC58F725E0F470001187CE /* Info.plist */,
			);
			path = TestTaskUITests;
			sourceTree = "<group>";
		};
		1AAC590925E107CA001187CE /* App */ = {
			isa = PBXGroup;
			children = (
				1AAC58D325E0F46E001187CE /* AppDelegate.swift */,
			);
			path = App;
			sourceTree = "<group>";
		};
		1AAC590A25E107D4001187CE /* MainController */ = {
			isa = PBXGroup;
			children = (
				1AAC590B25E1080E001187CE /* MainViewController.swift */,
				1AAC590C25E1080E001187CE /* MainViewController.xib */,
			);
			path = MainController;
			sourceTree = "<group>";
		};
		1AAC592825E11F38001187CE /* Model */ = {
			isa = PBXGroup;
			children = (
				1AAC592A25E11F48001187CE /* detect.tflite */,
				1AAC592925E11F48001187CE /* labelmap.txt */,
			);
			path = Model;
			sourceTree = "<group>";
		};
		3AA7BD0836C5384C3D4EF2DC /* Frameworks */ = {
			isa = PBXGroup;
			children = (
				0F84BC5C12773646F4FA8B25 /* Pods_TestTask.framework */,
				392DE87D2FB3127626AFDC42 /* Pods_TestTask_TestTaskUITests.framework */,
				6F6F12902935F2016CED3463 /* Pods_TestTaskTests.framework */,
			);
			name = Frameworks;
			sourceTree = "<group>";
		};
/* End PBXGroup section */

/* Begin PBXNativeTarget section */
		1AAC58CF25E0F46E001187CE /* TestTask */ = {
			isa = PBXNativeTarget;
			buildConfigurationList = 1AAC58FA25E0F470001187CE /* Build configuration list for PBXNativeTarget "TestTask" */;
			buildPhases = (
				CA9AFE572BF356E1B6FD0052 /* [CP] Check Pods Manifest.lock */,
				1AAC58CC25E0F46E001187CE /* Sources */,
				1AAC58CD25E0F46E001187CE /* Frameworks */,
				1AAC58CE25E0F46E001187CE /* Resources */,
			);
			buildRules = (
			);
			dependencies = (
			);
			name = TestTask;
			productName = TestTask;
			productReference = 1AAC58D025E0F46E001187CE /* TestTask.app */;
			productType = "com.apple.product-type.application";
		};
		1AAC58E525E0F470001187CE /* TestTaskTests */ = {
			isa = PBXNativeTarget;
			buildConfigurationList = 1AAC58FD25E0F470001187CE /* Build configuration list for PBXNativeTarget "TestTaskTests" */;
			buildPhases = (
				364159B3877036CC10D14694 /* [CP] Check Pods Manifest.lock */,
				1AAC58E225E0F470001187CE /* Sources */,
				1AAC58E325E0F470001187CE /* Frameworks */,
				1AAC58E425E0F470001187CE /* Resources */,
			);
			buildRules = (
			);
			dependencies = (
				1AAC58E825E0F470001187CE /* PBXTargetDependency */,
			);
			name = TestTaskTests;
			productName = TestTaskTests;
			productReference = 1AAC58E625E0F470001187CE /* TestTaskTests.xctest */;
			productType = "com.apple.product-type.bundle.unit-test";
		};
		1AAC58F025E0F470001187CE /* TestTaskUITests */ = {
			isa = PBXNativeTarget;
			buildConfigurationList = 1AAC590025E0F470001187CE /* Build configuration list for PBXNativeTarget "TestTaskUITests" */;
			buildPhases = (
				8F3F4CBA42CB9FAB762A8AF5 /* [CP] Check Pods Manifest.lock */,
				1AAC58ED25E0F470001187CE /* Sources */,
				1AAC58EE25E0F470001187CE /* Frameworks */,
				1AAC58EF25E0F470001187CE /* Resources */,
			);
			buildRules = (
			);
			dependencies = (
				1AAC58F325E0F470001187CE /* PBXTargetDependency */,
			);
			name = TestTaskUITests;
			productName = TestTaskUITests;
			productReference = 1AAC58F125E0F470001187CE /* TestTaskUITests.xctest */;
			productType = "com.apple.product-type.bundle.ui-testing";
		};
/* End PBXNativeTarget section */

/* Begin PBXProject section */
		1AAC58C825E0F46E001187CE /* Project object */ = {
			isa = PBXProject;
			attributes = {
				LastSwiftUpdateCheck = 1240;
				LastUpgradeCheck = 1240;
				TargetAttributes = {
					1AAC58CF25E0F46E001187CE = {
						CreatedOnToolsVersion = 12.4;
					};
					1AAC58E525E0F470001187CE = {
						CreatedOnToolsVersion = 12.4;
						TestTargetID = 1AAC58CF25E0F46E001187CE;
					};
					1AAC58F025E0F470001187CE = {
						CreatedOnToolsVersion = 12.4;
						TestTargetID = 1AAC58CF25E0F46E001187CE;
					};
				};
			};
			buildConfigurationList = 1AAC58CB25E0F46E001187CE /* Build configuration list for PBXProject "TestTask" */;
			compatibilityVersion = "Xcode 9.3";
			developmentRegion = en;
			hasScannedForEncodings = 0;
			knownRegions = (
				en,
				Base,
			);
			mainGroup = 1AAC58C725E0F46E001187CE;
			productRefGroup = 1AAC58D125E0F46E001187CE /* Products */;
			projectDirPath = "";
			projectRoot = "";
			targets = (
				1AAC58CF25E0F46E001187CE /* TestTask */,
				1AAC58E525E0F470001187CE /* TestTaskTests */,
				1AAC58F025E0F470001187CE /* TestTaskUITests */,
			);
		};
/* End PBXProject section */

/* Begin PBXResourcesBuildPhase section */
		1AAC58CE25E0F46E001187CE /* Resources */ = {
			isa = PBXResourcesBuildPhase;
			buildActionMask = 2147483647;
			files = (
				1AAC592B25E11F48001187CE /* labelmap.txt in Resources */,
				1AAC58E025E0F470001187CE /* LaunchScreen.storyboard in Resources */,
				1AAC590E25E1080E001187CE /* MainViewController.xib in Resources */,
				1AAC58DD25E0F470001187CE /* Assets.xcassets in Resources */,
				1AAC592C25E11F48001187CE /* detect.tflite in Resources */,
			);
			runOnlyForDeploymentPostprocessing = 0;
		};
		1AAC58E425E0F470001187CE /* Resources */ = {
			isa = PBXResourcesBuildPhase;
			buildActionMask = 2147483647;
			files = (
			);
			runOnlyForDeploymentPostprocessing = 0;
		};
		1AAC58EF25E0F470001187CE /* Resources */ = {
			isa = PBXResourcesBuildPhase;
			buildActionMask = 2147483647;
			files = (
			);
			runOnlyForDeploymentPostprocessing = 0;
		};
/* End PBXResourcesBuildPhase section */

/* Begin PBXShellScriptBuildPhase section */
		364159B3877036CC10D14694 /* [CP] Check Pods Manifest.lock */ = {
			isa = PBXShellScriptBuildPhase;
			buildActionMask = 2147483647;
			files = (
			);
			inputFileListPaths = (
			);
			inputPaths = (
				"${PODS_PODFILE_DIR_PATH}/Podfile.lock",
				"${PODS_ROOT}/Manifest.lock",
			);
			name = "[CP] Check Pods Manifest.lock";
			outputFileListPaths = (
			);
			outputPaths = (
				"$(DERIVED_FILE_DIR)/Pods-TestTaskTests-checkManifestLockResult.txt",
			);
			runOnlyForDeploymentPostprocessing = 0;
			shellPath = /bin/sh;
			shellScript = "diff \"${PODS_PODFILE_DIR_PATH}/Podfile.lock\" \"${PODS_ROOT}/Manifest.lock\" > /dev/null\nif [ $? != 0 ] ; then\n    # print error to STDERR\n    echo \"error: The sandbox is not in sync with the Podfile.lock. Run 'pod install' or update your CocoaPods installation.\" >&2\n    exit 1\nfi\n# This output is used by Xcode 'outputs' to avoid re-running this script phase.\necho \"SUCCESS\" > \"${SCRIPT_OUTPUT_FILE_0}\"\n";
			showEnvVarsInLog = 0;
		};
		8F3F4CBA42CB9FAB762A8AF5 /* [CP] Check Pods Manifest.lock */ = {
			isa = PBXShellScriptBuildPhase;
			buildActionMask = 2147483647;
			files = (
			);
			inputFileListPaths = (
			);
			inputPaths = (
				"${PODS_PODFILE_DIR_PATH}/Podfile.lock",
				"${PODS_ROOT}/Manifest.lock",
			);
			name = "[CP] Check Pods Manifest.lock";
			outputFileListPaths = (
			);
			outputPaths = (
				"$(DERIVED_FILE_DIR)/Pods-TestTask-TestTaskUITests-checkManifestLockResult.txt",
			);
			runOnlyForDeploymentPostprocessing = 0;
			shellPath = /bin/sh;
			shellScript = "diff \"${PODS_PODFILE_DIR_PATH}/Podfile.lock\" \"${PODS_ROOT}/Manifest.lock\" > /dev/null\nif [ $? != 0 ] ; then\n    # print error to STDERR\n    echo \"error: The sandbox is not in sync with the Podfile.lock. Run 'pod install' or update your CocoaPods installation.\" >&2\n    exit 1\nfi\n# This output is used by Xcode 'outputs' to avoid re-running this script phase.\necho \"SUCCESS\" > \"${SCRIPT_OUTPUT_FILE_0}\"\n";
			showEnvVarsInLog = 0;
		};
		CA9AFE572BF356E1B6FD0052 /* [CP] Check Pods Manifest.lock */ = {
			isa = PBXShellScriptBuildPhase;
			buildActionMask = 2147483647;
			files = (
			);
			inputFileListPaths = (
			);
			inputPaths = (
				"${PODS_PODFILE_DIR_PATH}/Podfile.lock",
				"${PODS_ROOT}/Manifest.lock",
			);
			name = "[CP] Check Pods Manifest.lock";
			outputFileListPaths = (
			);
			outputPaths = (
				"$(DERIVED_FILE_DIR)/Pods-TestTask-checkManifestLockResult.txt",
			);
			runOnlyForDeploymentPostprocessing = 0;
			shellPath = /bin/sh;
			shellScript = "diff \"${PODS_PODFILE_DIR_PATH}/Podfile.lock\" \"${PODS_ROOT}/Manifest.lock\" > /dev/null\nif [ $? != 0 ] ; then\n    # print error to STDERR\n    echo \"error: The sandbox is not in sync with the Podfile.lock. Run 'pod install' or update your CocoaPods installation.\" >&2\n    exit 1\nfi\n# This output is used by Xcode 'outputs' to avoid re-running this script phase.\necho \"SUCCESS\" > \"${SCRIPT_OUTPUT_FILE_0}\"\n";
			showEnvVarsInLog = 0;
		};
/* End PBXShellScriptBuildPhase section */

/* Begin PBXSourcesBuildPhase section */
		1AAC58CC25E0F46E001187CE /* Sources */ = {
			isa = PBXSourcesBuildPhase;
			buildActionMask = 2147483647;
			files = (
				1AAC58D425E0F46E001187CE /* AppDelegate.swift in Sources */,
				1AAC590D25E1080E001187CE /* MainViewController.swift in Sources */,
			);
			runOnlyForDeploymentPostprocessing = 0;
		};
		1AAC58E225E0F470001187CE /* Sources */ = {
			isa = PBXSourcesBuildPhase;
			buildActionMask = 2147483647;
			files = (
				1AAC58EB25E0F470001187CE /* TestTaskTests.swift in Sources */,
			);
			runOnlyForDeploymentPostprocessing = 0;
		};
		1AAC58ED25E0F470001187CE /* Sources */ = {
			isa = PBXSourcesBuildPhase;
			buildActionMask = 2147483647;
			files = (
				1AAC58F625E0F470001187CE /* TestTaskUITests.swift in Sources */,
			);
			runOnlyForDeploymentPostprocessing = 0;
		};
/* End PBXSourcesBuildPhase section */

/* Begin PBXTargetDependency section */
		1AAC58E825E0F470001187CE /* PBXTargetDependency */ = {
			isa = PBXTargetDependency;
			target = 1AAC58CF25E0F46E001187CE /* TestTask */;
			targetProxy = 1AAC58E725E0F470001187CE /* PBXContainerItemProxy */;
		};
		1AAC58F325E0F470001187CE /* PBXTargetDependency */ = {
			isa = PBXTargetDependency;
			target = 1AAC58CF25E0F46E001187CE /* TestTask */;
			targetProxy = 1AAC58F225E0F470001187CE /* PBXContainerItemProxy */;
		};
/* End PBXTargetDependency section */

/* Begin PBXVariantGroup section */
		1AAC58DE25E0F470001187CE /* LaunchScreen.storyboard */ = {
			isa = PBXVariantGroup;
			children = (
				1AAC58DF25E0F470001187CE /* Base */,
			);
			name = LaunchScreen.storyboard;
			sourceTree = "<group>";
		};
/* End PBXVariantGroup section */

/* Begin XCBuildConfiguration section */
		1AAC58F825E0F470001187CE /* Debug */ = {
			isa = XCBuildConfiguration;
			buildSettings = {
				ALWAYS_SEARCH_USER_PATHS = NO;
				CLANG_ANALYZER_NONNULL = YES;
				CLANG_ANALYZER_NUMBER_OBJECT_CONVERSION = YES_AGGRESSIVE;
				CLANG_CXX_LANGUAGE_STANDARD = "gnu++14";
				CLANG_CXX_LIBRARY = "libc++";
				CLANG_ENABLE_MODULES = YES;
				CLANG_ENABLE_OBJC_ARC = YES;
				CLANG_ENABLE_OBJC_WEAK = YES;
				CLANG_WARN_BLOCK_CAPTURE_AUTORELEASING = YES;
				CLANG_WARN_BOOL_CONVERSION = YES;
				CLANG_WARN_COMMA = YES;
				CLANG_WARN_CONSTANT_CONVERSION = YES;
				CLANG_WARN_DEPRECATED_OBJC_IMPLEMENTATIONS = YES;
				CLANG_WARN_DIRECT_OBJC_ISA_USAGE = YES_ERROR;
				CLANG_WARN_DOCUMENTATION_COMMENTS = YES;
				CLANG_WARN_EMPTY_BODY = YES;
				CLANG_WARN_ENUM_CONVERSION = YES;
				CLANG_WARN_INFINITE_RECURSION = YES;
				CLANG_WARN_INT_CONVERSION = YES;
				CLANG_WARN_NON_LITERAL_NULL_CONVERSION = YES;
				CLANG_WARN_OBJC_IMPLICIT_RETAIN_SELF = YES;
				CLANG_WARN_OBJC_LITERAL_CONVERSION = YES;
				CLANG_WARN_OBJC_ROOT_CLASS = YES_ERROR;
				CLANG_WARN_QUOTED_INCLUDE_IN_FRAMEWORK_HEADER = YES;
				CLANG_WARN_RANGE_LOOP_ANALYSIS = YES;
				CLANG_WARN_STRICT_PROTOTYPES = YES;
				CLANG_WARN_SUSPICIOUS_MOVE = YES;
				CLANG_WARN_UNGUARDED_AVAILABILITY = YES_AGGRESSIVE;
				CLANG_WARN_UNREACHABLE_CODE = YES;
				CLANG_WARN__DUPLICATE_METHOD_MATCH = YES;
				COPY_PHASE_STRIP = NO;
				DEBUG_INFORMATION_FORMAT = dwarf;
				ENABLE_STRICT_OBJC_MSGSEND = YES;
				ENABLE_TESTABILITY = YES;
				GCC_C_LANGUAGE_STANDARD = gnu11;
				GCC_DYNAMIC_NO_PIC = NO;
				GCC_NO_COMMON_BLOCKS = YES;
				GCC_OPTIMIZATION_LEVEL = 0;
				GCC_PREPROCESSOR_DEFINITIONS = (
					"DEBUG=1",
					"$(inherited)",
				);
				GCC_WARN_64_TO_32_BIT_CONVERSION = YES;
				GCC_WARN_ABOUT_RETURN_TYPE = YES_ERROR;
				GCC_WARN_UNDECLARED_SELECTOR = YES;
				GCC_WARN_UNINITIALIZED_AUTOS = YES_AGGRESSIVE;
				GCC_WARN_UNUSED_FUNCTION = YES;
				GCC_WARN_UNUSED_VARIABLE = YES;
				IPHONEOS_DEPLOYMENT_TARGET = 14.4;
				MTL_ENABLE_DEBUG_INFO = INCLUDE_SOURCE;
				MTL_FAST_MATH = YES;
				ONLY_ACTIVE_ARCH = YES;
				SDKROOT = iphoneos;
				SWIFT_ACTIVE_COMPILATION_CONDITIONS = DEBUG;
				SWIFT_OPTIMIZATION_LEVEL = "-Onone";
			};
			name = Debug;
		};
		1AAC58F925E0F470001187CE /* Release */ = {
			isa = XCBuildConfiguration;
			buildSettings = {
				ALWAYS_SEARCH_USER_PATHS = NO;
				CLANG_ANALYZER_NONNULL = YES;
				CLANG_ANALYZER_NUMBER_OBJECT_CONVERSION = YES_AGGRESSIVE;
				CLANG_CXX_LANGUAGE_STANDARD = "gnu++14";
				CLANG_CXX_LIBRARY = "libc++";
				CLANG_ENABLE_MODULES = YES;
				CLANG_ENABLE_OBJC_ARC = YES;
				CLANG_ENABLE_OBJC_WEAK = YES;
				CLANG_WARN_BLOCK_CAPTURE_AUTORELEASING = YES;
				CLANG_WARN_BOOL_CONVERSION = YES;
				CLANG_WARN_COMMA = YES;
				CLANG_WARN_CONSTANT_CONVERSION = YES;
				CLANG_WARN_DEPRECATED_OBJC_IMPLEMENTATIONS = YES;
				CLANG_WARN_DIRECT_OBJC_ISA_USAGE = YES_ERROR;
				CLANG_WARN_DOCUMENTATION_COMMENTS = YES;
				CLANG_WARN_EMPTY_BODY = YES;
				CLANG_WARN_ENUM_CONVERSION = YES;
				CLANG_WARN_INFINITE_RECURSION = YES;
				CLANG_WARN_INT_CONVERSION = YES;
				CLANG_WARN_NON_LITERAL_NULL_CONVERSION = YES;
				CLANG_WARN_OBJC_IMPLICIT_RETAIN_SELF = YES;
				CLANG_WARN_OBJC_LITERAL_CONVERSION = YES;
				CLANG_WARN_OBJC_ROOT_CLASS = YES_ERROR;
				CLANG_WARN_QUOTED_INCLUDE_IN_FRAMEWORK_HEADER = YES;
				CLANG_WARN_RANGE_LOOP_ANALYSIS = YES;
				CLANG_WARN_STRICT_PROTOTYPES = YES;
				CLANG_WARN_SUSPICIOUS_MOVE = YES;
				CLANG_WARN_UNGUARDED_AVAILABILITY = YES_AGGRESSIVE;
				CLANG_WARN_UNREACHABLE_CODE = YES;
				CLANG_WARN__DUPLICATE_METHOD_MATCH = YES;
				COPY_PHASE_STRIP = NO;
				DEBUG_INFORMATION_FORMAT = "dwarf-with-dsym";
				ENABLE_NS_ASSERTIONS = NO;
				ENABLE_STRICT_OBJC_MSGSEND = YES;
				GCC_C_LANGUAGE_STANDARD = gnu11;
				GCC_NO_COMMON_BLOCKS = YES;
				GCC_WARN_64_TO_32_BIT_CONVERSION = YES;
				GCC_WARN_ABOUT_RETURN_TYPE = YES_ERROR;
				GCC_WARN_UNDECLARED_SELECTOR = YES;
				GCC_WARN_UNINITIALIZED_AUTOS = YES_AGGRESSIVE;
				GCC_WARN_UNUSED_FUNCTION = YES;
				GCC_WARN_UNUSED_VARIABLE = YES;
				IPHONEOS_DEPLOYMENT_TARGET = 14.4;
				MTL_ENABLE_DEBUG_INFO = NO;
				MTL_FAST_MATH = YES;
				SDKROOT = iphoneos;
				SWIFT_COMPILATION_MODE = wholemodule;
				SWIFT_OPTIMIZATION_LEVEL = "-O";
				VALIDATE_PRODUCT = YES;
			};
			name = Release;
		};
		1AAC58FB25E0F470001187CE /* Debug */ = {
			isa = XCBuildConfiguration;
			baseConfigurationReference = EBDE5D6940B6F8DF0DCFE150 /* Pods-TestTask.debug.xcconfig */;
			buildSettings = {
				ASSETCATALOG_COMPILER_APPICON_NAME = AppIcon;
				ASSETCATALOG_COMPILER_GLOBAL_ACCENT_COLOR_NAME = AccentColor;
				CODE_SIGN_STYLE = Automatic;
				DEVELOPMENT_TEAM = 4PWC9KX3UT;
				INFOPLIST_FILE = TestTask/Info.plist;
				LD_RUNPATH_SEARCH_PATHS = (
					"$(inherited)",
					"@executable_path/Frameworks",
				);
				PRODUCT_BUNDLE_IDENTIFIER = com.TestTask;
				PRODUCT_NAME = "$(TARGET_NAME)";
				SWIFT_VERSION = 5.0;
				TARGETED_DEVICE_FAMILY = "1,2";
			};
			name = Debug;
		};
		1AAC58FC25E0F470001187CE /* Release */ = {
			isa = XCBuildConfiguration;
			baseConfigurationReference = 7DF0EA342674B287DA9B8880 /* Pods-TestTask.release.xcconfig */;
			buildSettings = {
				ASSETCATALOG_COMPILER_APPICON_NAME = AppIcon;
				ASSETCATALOG_COMPILER_GLOBAL_ACCENT_COLOR_NAME = AccentColor;
				CODE_SIGN_STYLE = Automatic;
				DEVELOPMENT_TEAM = L6L5XD9327;
				INFOPLIST_FILE = TestTask/Info.plist;
				LD_RUNPATH_SEARCH_PATHS = (
					"$(inherited)",
					"@executable_path/Frameworks",
				);
				PRODUCT_BUNDLE_IDENTIFIER = com.TestTask;
				PRODUCT_NAME = "$(TARGET_NAME)";
				SWIFT_VERSION = 5.0;
				TARGETED_DEVICE_FAMILY = "1,2";
			};
			name = Release;
		};
		1AAC58FE25E0F470001187CE /* Debug */ = {
			isa = XCBuildConfiguration;
			baseConfigurationReference = 1ADACFB76502377D5AFBAAF1 /* Pods-TestTaskTests.debug.xcconfig */;
			buildSettings = {
				ALWAYS_EMBED_SWIFT_STANDARD_LIBRARIES = YES;
				BUNDLE_LOADER = "$(TEST_HOST)";
				CODE_SIGN_STYLE = Automatic;
				DEVELOPMENT_TEAM = L6L5XD9327;
				INFOPLIST_FILE = TestTaskTests/Info.plist;
				IPHONEOS_DEPLOYMENT_TARGET = 14.4;
				LD_RUNPATH_SEARCH_PATHS = (
					"$(inherited)",
					"@executable_path/Frameworks",
					"@loader_path/Frameworks",
				);
				PRODUCT_BUNDLE_IDENTIFIER = com.TestTaskTests;
				PRODUCT_NAME = "$(TARGET_NAME)";
				SWIFT_VERSION = 5.0;
				TARGETED_DEVICE_FAMILY = "1,2";
				TEST_HOST = "$(BUILT_PRODUCTS_DIR)/TestTask.app/TestTask";
			};
			name = Debug;
		};
		1AAC58FF25E0F470001187CE /* Release */ = {
			isa = XCBuildConfiguration;
			baseConfigurationReference = 8F225BF8D138AE7A2304A27E /* Pods-TestTaskTests.release.xcconfig */;
			buildSettings = {
				ALWAYS_EMBED_SWIFT_STANDARD_LIBRARIES = YES;
				BUNDLE_LOADER = "$(TEST_HOST)";
				CODE_SIGN_STYLE = Automatic;
				DEVELOPMENT_TEAM = L6L5XD9327;
				INFOPLIST_FILE = TestTaskTests/Info.plist;
				IPHONEOS_DEPLOYMENT_TARGET = 14.4;
				LD_RUNPATH_SEARCH_PATHS = (
					"$(inherited)",
					"@executable_path/Frameworks",
					"@loader_path/Frameworks",
				);
				PRODUCT_BUNDLE_IDENTIFIER = com.TestTaskTests;
				PRODUCT_NAME = "$(TARGET_NAME)";
				SWIFT_VERSION = 5.0;
				TARGETED_DEVICE_FAMILY = "1,2";
				TEST_HOST = "$(BUILT_PRODUCTS_DIR)/TestTask.app/TestTask";
			};
			name = Release;
		};
		1AAC590125E0F470001187CE /* Debug */ = {
			isa = XCBuildConfiguration;
			baseConfigurationReference = 865A72BCB720051B4C7B9E8C /* Pods-TestTask-TestTaskUITests.debug.xcconfig */;
			buildSettings = {
				ALWAYS_EMBED_SWIFT_STANDARD_LIBRARIES = YES;
				CODE_SIGN_STYLE = Automatic;
				DEVELOPMENT_TEAM = L6L5XD9327;
				INFOPLIST_FILE = TestTaskUITests/Info.plist;
				LD_RUNPATH_SEARCH_PATHS = (
					"$(inherited)",
					"@executable_path/Frameworks",
					"@loader_path/Frameworks",
				);
				PRODUCT_BUNDLE_IDENTIFIER = com.TestTaskUITests;
				PRODUCT_NAME = "$(TARGET_NAME)";
				SWIFT_VERSION = 5.0;
				TARGETED_DEVICE_FAMILY = "1,2";
				TEST_TARGET_NAME = TestTask;
			};
			name = Debug;
		};
		1AAC590225E0F470001187CE /* Release */ = {
			isa = XCBuildConfiguration;
			baseConfigurationReference = 5C9C2B9BA089F62641568D19 /* Pods-TestTask-TestTaskUITests.release.xcconfig */;
			buildSettings = {
				ALWAYS_EMBED_SWIFT_STANDARD_LIBRARIES = YES;
				CODE_SIGN_STYLE = Automatic;
				DEVELOPMENT_TEAM = L6L5XD9327;
				INFOPLIST_FILE = TestTaskUITests/Info.plist;
				LD_RUNPATH_SEARCH_PATHS = (
					"$(inherited)",
					"@executable_path/Frameworks",
					"@loader_path/Frameworks",
				);
				PRODUCT_BUNDLE_IDENTIFIER = com.TestTaskUITests;
				PRODUCT_NAME = "$(TARGET_NAME)";
				SWIFT_VERSION = 5.0;
				TARGETED_DEVICE_FAMILY = "1,2";
				TEST_TARGET_NAME = TestTask;
			};
			name = Release;
		};
/* End XCBuildConfiguration section */

/* Begin XCConfigurationList section */
		1AAC58CB25E0F46E001187CE /* Build configuration list for PBXProject "TestTask" */ = {
			isa = XCConfigurationList;
			buildConfigurations = (
				1AAC58F825E0F470001187CE /* Debug */,
				1AAC58F925E0F470001187CE /* Release */,
			);
			defaultConfigurationIsVisible = 0;
			defaultConfigurationName = Release;
		};
		1AAC58FA25E0F470001187CE /* Build configuration list for PBXNativeTarget "TestTask" */ = {
			isa = XCConfigurationList;
			buildConfigurations = (
				1AAC58FB25E0F470001187CE /* Debug */,
				1AAC58FC25E0F470001187CE /* Release */,
			);
			defaultConfigurationIsVisible = 0;
			defaultConfigurationName = Release;
		};
		1AAC58FD25E0F470001187CE /* Build configuration list for PBXNativeTarget "TestTaskTests" */ = {
			isa = XCConfigurationList;
			buildConfigurations = (
				1AAC58FE25E0F470001187CE /* Debug */,
				1AAC58FF25E0F470001187CE /* Release */,
			);
			defaultConfigurationIsVisible = 0;
			defaultConfigurationName = Release;
		};
		1AAC590025E0F470001187CE /* Build configuration list for PBXNativeTarget "TestTaskUITests" */ = {
			isa = XCConfigurationList;
			buildConfigurations = (
				1AAC590125E0F470001187CE /* Debug */,
				1AAC590225E0F470001187CE /* Release */,
			);
			defaultConfigurationIsVisible = 0;
			defaultConfigurationName = Release;
		};
/* End XCConfigurationList section */
	};
	rootObject = 1AAC58C825E0F46E001187CE /* Project object */;
}
