// !$*UTF8*$!
{
	archiveVersion = 1;
	classes = {
	};
	objectVersion = 50;
	objects = {

/* Begin PBXBuildFile section */
		1AAC58D425E0F46E001187CE /* AppDelegate.swift in Sources */ = {isa = PBXBuildFile; fileRef = 1AAC58D325E0F46E001187CE /* AppDelegate.swift */; };
		1AAC58D625E0F46E001187CE /* SceneDelegate.swift in Sources */ = {isa = PBXBuildFile; fileRef = 1AAC58D525E0F46E001187CE /* SceneDelegate.swift */; };
		1AAC58D825E0F46E001187CE /* ViewController.swift in Sources */ = {isa = PBXBuildFile; fileRef = 1AAC58D725E0F46E001187CE /* ViewController.swift */; };
		1AAC58DB25E0F46E001187CE /* Main.storyboard in Resources */ = {isa = PBXBuildFile; fileRef = 1AAC58D925E0F46E001187CE /* Main.storyboard */; };
		1AAC58DD25E0F470001187CE /* Assets.xcassets in Resources */ = {isa = PBXBuildFile; fileRef = 1AAC58DC25E0F470001187CE /* Assets.xcassets */; };
		1AAC58E025E0F470001187CE /* LaunchScreen.storyboard in Resources */ = {isa = PBXBuildFile; fileRef = 1AAC58DE25E0F470001187CE /* LaunchScreen.storyboard */; };
		1AAC58EB25E0F470001187CE /* TestTaskTests.swift in Sources */ = {isa = PBXBuildFile; fileRef = 1AAC58EA25E0F470001187CE /* TestTaskTests.swift */; };
		1AAC58F625E0F470001187CE /* TestTaskUITests.swift in Sources */ = {isa = PBXBuildFile; fileRef = 1AAC58F525E0F470001187CE /* TestTaskUITests.swift */; };
/* End PBXBuildFile section */

/* Begin PBXContainerItemProxy section */
		1AAC58E725E0F470001187CE /* PBXContainerItemProxy */ = {
			isa = PBXContainerItemProxy;
			containerPortal = 1AAC58C825E0F46E001187CE /* Project object */;
			proxyType = 1;
			remoteGlobalIDString = 1AAC58CF25E0F46E001187CE;
			remoteInfo = TestTask;
		};
		1AAC58F225E0F470001187CE /* PBXContainerItemProxy */ = {
			isa = PBXContainerItemProxy;
			containerPortal = 1AAC58C825E0F46E001187CE /* Project object */;
			proxyType = 1;
			remoteGlobalIDString = 1AAC58CF25E0F46E001187CE;
			remoteInfo = TestTask;
		};
/* End PBXContainerItemProxy section */

/* Begin PBXFileReference section */
		1AAC58D025E0F46E001187CE /* TestTask.app */ = {isa = PBXFileReference; explicitFileType = wrapper.application; includeInIndex = 0; path = TestTask.app; sourceTree = BUILT_PRODUCTS_DIR; };
		1AAC58D325E0F46E001187CE /* AppDelegate.swift */ = {isa = PBXFileReference; lastKnownFileType = sourcecode.swift; path = AppDelegate.swift; sourceTree = "<group>"; };
		1AAC58D525E0F46E001187CE /* SceneDelegate.swift */ = {isa = PBXFileReference; lastKnownFileType = sourcecode.swift; path = SceneDelegate.swift; sourceTree = "<group>"; };
		1AAC58D725E0F46E001187CE /* ViewController.swift */ = {isa = PBXFileReference; lastKnownFileType = sourcecode.swift; path = ViewController.swift; sourceTree = "<group>"; };
		1AAC58DA25E0F46E001187CE /* Base */ = {isa = PBXFileReference; lastKnownFileType = file.storyboard; name = Base; path = Base.lproj/Main.storyboard; sourceTree = "<group>"; };
		1AAC58DC25E0F470001187CE /* Assets.xcassets */ = {isa = PBXFileReference; lastKnownFileType = folder.assetcatalog; path = Assets.xcassets; sourceTree = "<group>"; };
		1AAC58DF25E0F470001187CE /* Base */ = {isa = PBXFileReference; lastKnownFileType = file.storyboard; name = Base; path = Base.lproj/LaunchScreen.storyboard; sourceTree = "<group>"; };
		1AAC58E125E0F470001187CE /* Info.plist */ = {isa = PBXFileReference; lastKnownFileType = text.plist.xml; path = Info.plist; sourceTree = "<group>"; };
		1AAC58E625E0F470001187CE /* TestTaskTests.xctest */ = {isa = PBXFileReference; explicitFileType = wrapper.cfbundle; includeInIndex = 0; path = TestTaskTests.xctest; sourceTree = BUILT_PRODUCTS_DIR; };
		1AAC58EA25E0F470001187CE /* TestTaskTests.swift */ = {isa = PBXFileReference; lastKnownFileType = sourcecode.swift; path = TestTaskTests.swift; sourceTree = "<group>"; };
		1AAC58EC25E0F470001187CE /* Info.plist */ = {isa = PBXFileReference; lastKnownFileType = text.plist.xml; path = Info.plist; sourceTree = "<group>"; };
		1AAC58F125E0F470001187CE /* TestTaskUITests.xctest */ = {isa = PBXFileReference; explicitFileType = wrapper.cfbundle; includeInIndex = 0; path = TestTaskUITests.xctest; sourceTree = BUILT_PRODUCTS_DIR; };
		1AAC58F525E0F470001187CE /* TestTaskUITests.swift */ = {isa = PBXFileReference; lastKnownFileType = sourcecode.swift; path = TestTaskUITests.swift; sourceTree = "<group>"; };
		1AAC58F725E0F470001187CE /* Info.plist */ = {isa = PBXFileReference; lastKnownFileType = text.plist.xml; path = Info.plist; sourceTree = "<group>"; };
/* End PBXFileReference section */

/* Begin PBXFrameworksBuildPhase section */
		1AAC58CD25E0F46E001187CE /* Frameworks */ = {
			isa = PBXFrameworksBuildPhase;
			buildActionMask = 2147483647;
			files = (
			);
			runOnlyForDeploymentPostprocessing = 0;
		};
		1AAC58E325E0F470001187CE /* Frameworks */ = {
			isa = PBXFrameworksBuildPhase;
			buildActionMask = 2147483647;
			files = (
			);
			runOnlyForDeploymentPostprocessing = 0;
		};
		1AAC58EE25E0F470001187CE /* Frameworks */ = {
			isa = PBXFrameworksBuildPhase;
			buildActionMask = 2147483647;
			files = (
			);
			runOnlyForDeploymentPostprocessing = 0;
		};
/* End PBXFrameworksBuildPhase section */

/* Begin PBXGroup section */
		1AAC58C725E0F46E001187CE = {
			isa = PBXGroup;
			children = (
				1AAC58D225E0F46E001187CE /* TestTask */,
				1AAC58E925E0F470001187CE /* TestTaskTests */,
				1AAC58F425E0F470001187CE /* TestTaskUITests */,
				1AAC58D125E0F46E001187CE /* Products */,
			);
			sourceTree = "<group>";
		};
		1AAC58D125E0F46E001187CE /* Products */ = {
			isa = PBXGroup;
			children = (
				1AAC58D025E0F46E001187CE /* TestTask.app */,
				1AAC58E625E0F470001187CE /* TestTaskTests.xctest */,
				1AAC58F125E0F470001187CE /* TestTaskUITests.xctest */,
			);
			name = Products;
			sourceTree = "<group>";
		};
		1AAC58D225E0F46E001187CE /* TestTask */ = {
			isa = PBXGroup;
			children = (
				1AAC58D325E0F46E001187CE /* AppDelegate.swift */,
				1AAC58D525E0F46E001187CE /* SceneDelegate.swift */,
				1AAC58D725E0F46E001187CE /* ViewController.swift */,
				1AAC58D925E0F46E001187CE /* Main.storyboard */,
				1AAC58DC25E0F470001187CE /* Assets.xcassets */,
				1AAC58DE25E0F470001187CE /* LaunchScreen.storyboard */,
				1AAC58E125E0F470001187CE /* Info.plist */,
			);
			path = TestTask;
			sourceTree = "<group>";
		};
		1AAC58E925E0F470001187CE /* TestTaskTests */ = {
			isa = PBXGroup;
			children = (
				1AAC58EA25E0F470001187CE /* TestTaskTests.swift */,
				1AAC58EC25E0F470001187CE /* Info.plist */,
			);
			path = TestTaskTests;
			sourceTree = "<group>";
		};
		1AAC58F425E0F470001187CE /* TestTaskUITests */ = {
			isa = PBXGroup;
			children = (
				1AAC58F525E0F470001187CE /* TestTaskUITests.swift */,
				1AAC58F725E0F470001187CE /* Info.plist */,
			);
			path = TestTaskUITests;
			sourceTree = "<group>";
		};
/* End PBXGroup section */

/* Begin PBXNativeTarget section */
		1AAC58CF25E0F46E001187CE /* TestTask */ = {
			isa = PBXNativeTarget;
			buildConfigurationList = 1AAC58FA25E0F470001187CE /* Build configuration list for PBXNativeTarget "TestTask" */;
			buildPhases = (
				1AAC58CC25E0F46E001187CE /* Sources */,
				1AAC58CD25E0F46E001187CE /* Frameworks */,
				1AAC58CE25E0F46E001187CE /* Resources */,
			);
			buildRules = (
			);
			dependencies = (
			);
			name = TestTask;
			productName = TestTask;
			productReference = 1AAC58D025E0F46E001187CE /* TestTask.app */;
			productType = "com.apple.product-type.application";
		};
		1AAC58E525E0F470001187CE /* TestTaskTests */ = {
			isa = PBXNativeTarget;
			buildConfigurationList = 1AAC58FD25E0F470001187CE /* Build configuration list for PBXNativeTarget "TestTaskTests" */;
			buildPhases = (
				1AAC58E225E0F470001187CE /* Sources */,
				1AAC58E325E0F470001187CE /* Frameworks */,
				1AAC58E425E0F470001187CE /* Resources */,
			);
			buildRules = (
			);
			dependencies = (
				1AAC58E825E0F470001187CE /* PBXTargetDependency */,
			);
			name = TestTaskTests;
			productName = TestTaskTests;
			productReference = 1AAC58E625E0F470001187CE /* TestTaskTests.xctest */;
			productType = "com.apple.product-type.bundle.unit-test";
		};
		1AAC58F025E0F470001187CE /* TestTaskUITests */ = {
			isa = PBXNativeTarget;
			buildConfigurationList = 1AAC590025E0F470001187CE /* Build configuration list for PBXNativeTarget "TestTaskUITests" */;
			buildPhases = (
				1AAC58ED25E0F470001187CE /* Sources */,
				1AAC58EE25E0F470001187CE /* Frameworks */,
				1AAC58EF25E0F470001187CE /* Resources */,
			);
			buildRules = (
			);
			dependencies = (
				1AAC58F325E0F470001187CE /* PBXTargetDependency */,
			);
			name = TestTaskUITests;
			productName = TestTaskUITests;
			productReference = 1AAC58F125E0F470001187CE /* TestTaskUITests.xctest */;
			productType = "com.apple.product-type.bundle.ui-testing";
		};
/* End PBXNativeTarget section */

/* Begin PBXProject section */
		1AAC58C825E0F46E001187CE /* Project object */ = {
			isa = PBXProject;
			attributes = {
				LastSwiftUpdateCheck = 1240;
				LastUpgradeCheck = 1240;
				TargetAttributes = {
					1AAC58CF25E0F46E001187CE = {
						CreatedOnToolsVersion = 12.4;
					};
					1AAC58E525E0F470001187CE = {
						CreatedOnToolsVersion = 12.4;
						TestTargetID = 1AAC58CF25E0F46E001187CE;
					};
					1AAC58F025E0F470001187CE = {
						CreatedOnToolsVersion = 12.4;
						TestTargetID = 1AAC58CF25E0F46E001187CE;
					};
				};
			};
			buildConfigurationList = 1AAC58CB25E0F46E001187CE /* Build configuration list for PBXProject "TestTask" */;
			compatibilityVersion = "Xcode 9.3";
			developmentRegion = en;
			hasScannedForEncodings = 0;
			knownRegions = (
				en,
				Base,
			);
			mainGroup = 1AAC58C725E0F46E001187CE;
			productRefGroup = 1AAC58D125E0F46E001187CE /* Products */;
			projectDirPath = "";
			projectRoot = "";
			targets = (
				1AAC58CF25E0F46E001187CE /* TestTask */,
				1AAC58E525E0F470001187CE /* TestTaskTests */,
				1AAC58F025E0F470001187CE /* TestTaskUITests */,
			);
		};
/* End PBXProject section */

/* Begin PBXResourcesBuildPhase section */
		1AAC58CE25E0F46E001187CE /* Resources */ = {
			isa = PBXResourcesBuildPhase;
			buildActionMask = 2147483647;
			files = (
				1AAC58E025E0F470001187CE /* LaunchScreen.storyboard in Resources */,
				1AAC58DD25E0F470001187CE /* Assets.xcassets in Resources */,
				1AAC58DB25E0F46E001187CE /* Main.storyboard in Resources */,
			);
			runOnlyForDeploymentPostprocessing = 0;
		};
		1AAC58E425E0F470001187CE /* Resources */ = {
			isa = PBXResourcesBuildPhase;
			buildActionMask = 2147483647;
			files = (
			);
			runOnlyForDeploymentPostprocessing = 0;
		};
		1AAC58EF25E0F470001187CE /* Resources */ = {
			isa = PBXResourcesBuildPhase;
			buildActionMask = 2147483647;
			files = (
			);
			runOnlyForDeploymentPostprocessing = 0;
		};
/* End PBXResourcesBuildPhase section */

/* Begin PBXSourcesBuildPhase section */
		1AAC58CC25E0F46E001187CE /* Sources */ = {
			isa = PBXSourcesBuildPhase;
			buildActionMask = 2147483647;
			files = (
				1AAC58D825E0F46E001187CE /* ViewController.swift in Sources */,
				1AAC58D425E0F46E001187CE /* AppDelegate.swift in Sources */,
				1AAC58D625E0F46E001187CE /* SceneDelegate.swift in Sources */,
			);
			runOnlyForDeploymentPostprocessing = 0;
		};
		1AAC58E225E0F470001187CE /* Sources */ = {
			isa = PBXSourcesBuildPhase;
			buildActionMask = 2147483647;
			files = (
				1AAC58EB25E0F470001187CE /* TestTaskTests.swift in Sources */,
			);
			runOnlyForDeploymentPostprocessing = 0;
		};
		1AAC58ED25E0F470001187CE /* Sources */ = {
			isa = PBXSourcesBuildPhase;
			buildActionMask = 2147483647;
			files = (
				1AAC58F625E0F470001187CE /* TestTaskUITests.swift in Sources */,
			);
			runOnlyForDeploymentPostprocessing = 0;
		};
/* End PBXSourcesBuildPhase section */

/* Begin PBXTargetDependency section */
		1AAC58E825E0F470001187CE /* PBXTargetDependency */ = {
			isa = PBXTargetDependency;
			target = 1AAC58CF25E0F46E001187CE /* TestTask */;
			targetProxy = 1AAC58E725E0F470001187CE /* PBXContainerItemProxy */;
		};
		1AAC58F325E0F470001187CE /* PBXTargetDependency */ = {
			isa = PBXTargetDependency;
			target = 1AAC58CF25E0F46E001187CE /* TestTask */;
			targetProxy = 1AAC58F225E0F470001187CE /* PBXContainerItemProxy */;
		};
/* End PBXTargetDependency section */

/* Begin PBXVariantGroup section */
		1AAC58D925E0F46E001187CE /* Main.storyboard */ = {
			isa = PBXVariantGroup;
			children = (
				1AAC58DA25E0F46E001187CE /* Base */,
			);
			name = Main.storyboard;
			sourceTree = "<group>";
		};
		1AAC58DE25E0F470001187CE /* LaunchScreen.storyboard */ = {
			isa = PBXVariantGroup;
			children = (
				1AAC58DF25E0F470001187CE /* Base */,
			);
			name = LaunchScreen.storyboard;
			sourceTree = "<group>";
		};
/* End PBXVariantGroup section */

/* Begin XCBuildConfiguration section */
		1AAC58F825E0F470001187CE /* Debug */ = {
			isa = XCBuildConfiguration;
			buildSettings = {
				ALWAYS_SEARCH_USER_PATHS = NO;
				CLANG_ANALYZER_NONNULL = YES;
				CLANG_ANALYZER_NUMBER_OBJECT_CONVERSION = YES_AGGRESSIVE;
				CLANG_CXX_LANGUAGE_STANDARD = "gnu++14";
				CLANG_CXX_LIBRARY = "libc++";
				CLANG_ENABLE_MODULES = YES;
				CLANG_ENABLE_OBJC_ARC = YES;
				CLANG_ENABLE_OBJC_WEAK = YES;
				CLANG_WARN_BLOCK_CAPTURE_AUTORELEASING = YES;
				CLANG_WARN_BOOL_CONVERSION = YES;
				CLANG_WARN_COMMA = YES;
				CLANG_WARN_CONSTANT_CONVERSION = YES;
				CLANG_WARN_DEPRECATED_OBJC_IMPLEMENTATIONS = YES;
				CLANG_WARN_DIRECT_OBJC_ISA_USAGE = YES_ERROR;
				CLANG_WARN_DOCUMENTATION_COMMENTS = YES;
				CLANG_WARN_EMPTY_BODY = YES;
				CLANG_WARN_ENUM_CONVERSION = YES;
				CLANG_WARN_INFINITE_RECURSION = YES;
				CLANG_WARN_INT_CONVERSION = YES;
				CLANG_WARN_NON_LITERAL_NULL_CONVERSION = YES;
				CLANG_WARN_OBJC_IMPLICIT_RETAIN_SELF = YES;
				CLANG_WARN_OBJC_LITERAL_CONVERSION = YES;
				CLANG_WARN_OBJC_ROOT_CLASS = YES_ERROR;
				CLANG_WARN_QUOTED_INCLUDE_IN_FRAMEWORK_HEADER = YES;
				CLANG_WARN_RANGE_LOOP_ANALYSIS = YES;
				CLANG_WARN_STRICT_PROTOTYPES = YES;
				CLANG_WARN_SUSPICIOUS_MOVE = YES;
				CLANG_WARN_UNGUARDED_AVAILABILITY = YES_AGGRESSIVE;
				CLANG_WARN_UNREACHABLE_CODE = YES;
				CLANG_WARN__DUPLICATE_METHOD_MATCH = YES;
				COPY_PHASE_STRIP = NO;
				DEBUG_INFORMATION_FORMAT = dwarf;
				ENABLE_STRICT_OBJC_MSGSEND = YES;
				ENABLE_TESTABILITY = YES;
				GCC_C_LANGUAGE_STANDARD = gnu11;
				GCC_DYNAMIC_NO_PIC = NO;
				GCC_NO_COMMON_BLOCKS = YES;
				GCC_OPTIMIZATION_LEVEL = 0;
				GCC_PREPROCESSOR_DEFINITIONS = (
					"DEBUG=1",
					"$(inherited)",
				);
				GCC_WARN_64_TO_32_BIT_CONVERSION = YES;
				GCC_WARN_ABOUT_RETURN_TYPE = YES_ERROR;
				GCC_WARN_UNDECLARED_SELECTOR = YES;
				GCC_WARN_UNINITIALIZED_AUTOS = YES_AGGRESSIVE;
				GCC_WARN_UNUSED_FUNCTION = YES;
				GCC_WARN_UNUSED_VARIABLE = YES;
				IPHONEOS_DEPLOYMENT_TARGET = 14.4;
				MTL_ENABLE_DEBUG_INFO = INCLUDE_SOURCE;
				MTL_FAST_MATH = YES;
				ONLY_ACTIVE_ARCH = YES;
				SDKROOT = iphoneos;
				SWIFT_ACTIVE_COMPILATION_CONDITIONS = DEBUG;
				SWIFT_OPTIMIZATION_LEVEL = "-Onone";
			};
			name = Debug;
		};
		1AAC58F925E0F470001187CE /* Release */ = {
			isa = XCBuildConfiguration;
			buildSettings = {
				ALWAYS_SEARCH_USER_PATHS = NO;
				CLANG_ANALYZER_NONNULL = YES;
				CLANG_ANALYZER_NUMBER_OBJECT_CONVERSION = YES_AGGRESSIVE;
				CLANG_CXX_LANGUAGE_STANDARD = "gnu++14";
				CLANG_CXX_LIBRARY = "libc++";
				CLANG_ENABLE_MODULES = YES;
				CLANG_ENABLE_OBJC_ARC = YES;
				CLANG_ENABLE_OBJC_WEAK = YES;
				CLANG_WARN_BLOCK_CAPTURE_AUTORELEASING = YES;
				CLANG_WARN_BOOL_CONVERSION = YES;
				CLANG_WARN_COMMA = YES;
				CLANG_WARN_CONSTANT_CONVERSION = YES;
				CLANG_WARN_DEPRECATED_OBJC_IMPLEMENTATIONS = YES;
				CLANG_WARN_DIRECT_OBJC_ISA_USAGE = YES_ERROR;
				CLANG_WARN_DOCUMENTATION_COMMENTS = YES;
				CLANG_WARN_EMPTY_BODY = YES;
				CLANG_WARN_ENUM_CONVERSION = YES;
				CLANG_WARN_INFINITE_RECURSION = YES;
				CLANG_WARN_INT_CONVERSION = YES;
				CLANG_WARN_NON_LITERAL_NULL_CONVERSION = YES;
				CLANG_WARN_OBJC_IMPLICIT_RETAIN_SELF = YES;
				CLANG_WARN_OBJC_LITERAL_CONVERSION = YES;
				CLANG_WARN_OBJC_ROOT_CLASS = YES_ERROR;
				CLANG_WARN_QUOTED_INCLUDE_IN_FRAMEWORK_HEADER = YES;
				CLANG_WARN_RANGE_LOOP_ANALYSIS = YES;
				CLANG_WARN_STRICT_PROTOTYPES = YES;
				CLANG_WARN_SUSPICIOUS_MOVE = YES;
				CLANG_WARN_UNGUARDED_AVAILABILITY = YES_AGGRESSIVE;
				CLANG_WARN_UNREACHABLE_CODE = YES;
				CLANG_WARN__DUPLICATE_METHOD_MATCH = YES;
				COPY_PHASE_STRIP = NO;
				DEBUG_INFORMATION_FORMAT = "dwarf-with-dsym";
				ENABLE_NS_ASSERTIONS = NO;
				ENABLE_STRICT_OBJC_MSGSEND = YES;
				GCC_C_LANGUAGE_STANDARD = gnu11;
				GCC_NO_COMMON_BLOCKS = YES;
				GCC_WARN_64_TO_32_BIT_CONVERSION = YES;
				GCC_WARN_ABOUT_RETURN_TYPE = YES_ERROR;
				GCC_WARN_UNDECLARED_SELECTOR = YES;
				GCC_WARN_UNINITIALIZED_AUTOS = YES_AGGRESSIVE;
				GCC_WARN_UNUSED_FUNCTION = YES;
				GCC_WARN_UNUSED_VARIABLE = YES;
				IPHONEOS_DEPLOYMENT_TARGET = 14.4;
				MTL_ENABLE_DEBUG_INFO = NO;
				MTL_FAST_MATH = YES;
				SDKROOT = iphoneos;
				SWIFT_COMPILATION_MODE = wholemodule;
				SWIFT_OPTIMIZATION_LEVEL = "-O";
				VALIDATE_PRODUCT = YES;
			};
			name = Release;
		};
		1AAC58FB25E0F470001187CE /* Debug */ = {
			isa = XCBuildConfiguration;
			buildSettings = {
				ASSETCATALOG_COMPILER_APPICON_NAME = AppIcon;
				ASSETCATALOG_COMPILER_GLOBAL_ACCENT_COLOR_NAME = AccentColor;
				CODE_SIGN_STYLE = Automatic;
				DEVELOPMENT_TEAM = L6L5XD9327;
				INFOPLIST_FILE = TestTask/Info.plist;
				LD_RUNPATH_SEARCH_PATHS = (
					"$(inherited)",
					"@executable_path/Frameworks",
				);
				PRODUCT_BUNDLE_IDENTIFIER = com.TestTask;
				PRODUCT_NAME = "$(TARGET_NAME)";
				SWIFT_VERSION = 5.0;
				TARGETED_DEVICE_FAMILY = "1,2";
			};
			name = Debug;
		};
		1AAC58FC25E0F470001187CE /* Release */ = {
			isa = XCBuildConfiguration;
			buildSettings = {
				ASSETCATALOG_COMPILER_APPICON_NAME = AppIcon;
				ASSETCATALOG_COMPILER_GLOBAL_ACCENT_COLOR_NAME = AccentColor;
				CODE_SIGN_STYLE = Automatic;
				DEVELOPMENT_TEAM = L6L5XD9327;
				INFOPLIST_FILE = TestTask/Info.plist;
				LD_RUNPATH_SEARCH_PATHS = (
					"$(inherited)",
					"@executable_path/Frameworks",
				);
				PRODUCT_BUNDLE_IDENTIFIER = com.TestTask;
				PRODUCT_NAME = "$(TARGET_NAME)";
				SWIFT_VERSION = 5.0;
				TARGETED_DEVICE_FAMILY = "1,2";
			};
			name = Release;
		};
		1AAC58FE25E0F470001187CE /* Debug */ = {
			isa = XCBuildConfiguration;
			buildSettings = {
				ALWAYS_EMBED_SWIFT_STANDARD_LIBRARIES = YES;
				BUNDLE_LOADER = "$(TEST_HOST)";
				CODE_SIGN_STYLE = Automatic;
				DEVELOPMENT_TEAM = L6L5XD9327;
				INFOPLIST_FILE = TestTaskTests/Info.plist;
				IPHONEOS_DEPLOYMENT_TARGET = 14.4;
				LD_RUNPATH_SEARCH_PATHS = (
					"$(inherited)",
					"@executable_path/Frameworks",
					"@loader_path/Frameworks",
				);
				PRODUCT_BUNDLE_IDENTIFIER = com.TestTaskTests;
				PRODUCT_NAME = "$(TARGET_NAME)";
				SWIFT_VERSION = 5.0;
				TARGETED_DEVICE_FAMILY = "1,2";
				TEST_HOST = "$(BUILT_PRODUCTS_DIR)/TestTask.app/TestTask";
			};
			name = Debug;
		};
		1AAC58FF25E0F470001187CE /* Release */ = {
			isa = XCBuildConfiguration;
			buildSettings = {
				ALWAYS_EMBED_SWIFT_STANDARD_LIBRARIES = YES;
				BUNDLE_LOADER = "$(TEST_HOST)";
				CODE_SIGN_STYLE = Automatic;
				DEVELOPMENT_TEAM = L6L5XD9327;
				INFOPLIST_FILE = TestTaskTests/Info.plist;
				IPHONEOS_DEPLOYMENT_TARGET = 14.4;
				LD_RUNPATH_SEARCH_PATHS = (
					"$(inherited)",
					"@executable_path/Frameworks",
					"@loader_path/Frameworks",
				);
				PRODUCT_BUNDLE_IDENTIFIER = com.TestTaskTests;
				PRODUCT_NAME = "$(TARGET_NAME)";
				SWIFT_VERSION = 5.0;
				TARGETED_DEVICE_FAMILY = "1,2";
				TEST_HOST = "$(BUILT_PRODUCTS_DIR)/TestTask.app/TestTask";
			};
			name = Release;
		};
		1AAC590125E0F470001187CE /* Debug */ = {
			isa = XCBuildConfiguration;
			buildSettings = {
				ALWAYS_EMBED_SWIFT_STANDARD_LIBRARIES = YES;
				CODE_SIGN_STYLE = Automatic;
				DEVELOPMENT_TEAM = L6L5XD9327;
				INFOPLIST_FILE = TestTaskUITests/Info.plist;
				LD_RUNPATH_SEARCH_PATHS = (
					"$(inherited)",
					"@executable_path/Frameworks",
					"@loader_path/Frameworks",
				);
				PRODUCT_BUNDLE_IDENTIFIER = com.TestTaskUITests;
				PRODUCT_NAME = "$(TARGET_NAME)";
				SWIFT_VERSION = 5.0;
				TARGETED_DEVICE_FAMILY = "1,2";
				TEST_TARGET_NAME = TestTask;
			};
			name = Debug;
		};
		1AAC590225E0F470001187CE /* Release */ = {
			isa = XCBuildConfiguration;
			buildSettings = {
				ALWAYS_EMBED_SWIFT_STANDARD_LIBRARIES = YES;
				CODE_SIGN_STYLE = Automatic;
				DEVELOPMENT_TEAM = L6L5XD9327;
				INFOPLIST_FILE = TestTaskUITests/Info.plist;
				LD_RUNPATH_SEARCH_PATHS = (
					"$(inherited)",
					"@executable_path/Frameworks",
					"@loader_path/Frameworks",
				);
				PRODUCT_BUNDLE_IDENTIFIER = com.TestTaskUITests;
				PRODUCT_NAME = "$(TARGET_NAME)";
				SWIFT_VERSION = 5.0;
				TARGETED_DEVICE_FAMILY = "1,2";
				TEST_TARGET_NAME = TestTask;
			};
			name = Release;
		};
/* End XCBuildConfiguration section */

/* Begin XCConfigurationList section */
		1AAC58CB25E0F46E001187CE /* Build configuration list for PBXProject "TestTask" */ = {
			isa = XCConfigurationList;
			buildConfigurations = (
				1AAC58F825E0F470001187CE /* Debug */,
				1AAC58F925E0F470001187CE /* Release */,
			);
			defaultConfigurationIsVisible = 0;
			defaultConfigurationName = Release;
		};
		1AAC58FA25E0F470001187CE /* Build configuration list for PBXNativeTarget "TestTask" */ = {
			isa = XCConfigurationList;
			buildConfigurations = (
				1AAC58FB25E0F470001187CE /* Debug */,
				1AAC58FC25E0F470001187CE /* Release */,
			);
			defaultConfigurationIsVisible = 0;
			defaultConfigurationName = Release;
		};
		1AAC58FD25E0F470001187CE /* Build configuration list for PBXNativeTarget "TestTaskTests" */ = {
			isa = XCConfigurationList;
			buildConfigurations = (
				1AAC58FE25E0F470001187CE /* Debug */,
				1AAC58FF25E0F470001187CE /* Release */,
			);
			defaultConfigurationIsVisible = 0;
			defaultConfigurationName = Release;
		};
		1AAC590025E0F470001187CE /* Build configuration list for PBXNativeTarget "TestTaskUITests" */ = {
			isa = XCConfigurationList;
			buildConfigurations = (
				1AAC590125E0F470001187CE /* Debug */,
				1AAC590225E0F470001187CE /* Release */,
			);
			defaultConfigurationIsVisible = 0;
			defaultConfigurationName = Release;
		};
/* End XCConfigurationList section */
	};
	rootObject = 1AAC58C825E0F46E001187CE /* Project object */;
}
